
Microsoft Visual Studio Solution File, Format Version 12.00
# Visual Studio 15
VisualStudioVersion = 15.0.28307.168
MinimumVisualStudioVersion = 10.0.40219.1
Project("{FAE04EC0-301F-11D3-BF4B-00C04F79EFBC}") = "InventoryServices", "InventoryServices\InventoryServices.csproj", "{F8AD4511-02EA-42FD-A6A8-7AA349A103D8}"
EndProject
Global
	GlobalSection(SolutionConfigurationPlatforms) = preSolution
		Debug|Any CPU = Debug|Any CPU
		Release|Any CPU = Release|Any CPU
	EndGlobalSection
	GlobalSection(ProjectConfigurationPlatforms) = postSolution
		{F8AD4511-02EA-42FD-A6A8-7AA349A103D8}.Debug|Any CPU.ActiveCfg = Debug|Any CPU
		{F8AD4511-02EA-42FD-A6A8-7AA349A103D8}.Debug|Any CPU.Build.0 = Debug|Any CPU
		{F8AD4511-02EA-42FD-A6A8-7AA349A103D8}.Release|Any CPU.ActiveCfg = Release|Any CPU
		{F8AD4511-02EA-42FD-A6A8-7AA349A103D8}.Release|Any CPU.Build.0 = Release|Any CPU
	EndGlobalSection
	GlobalSection(SolutionProperties) = preSolution
		HideSolutionNode = FALSE
	EndGlobalSection
	GlobalSection(ExtensibilityGlobals) = postSolution
		SolutionGuid = {827EB638-8DC1-4FAB-AD3D-10699403BD9A}
	EndGlobalSection
EndGlobal
